
Microsoft Visual Studio Solution File, Format Version 12.00
# Visual Studio Version 16
VisualStudioVersion = 16.0.30204.135
MinimumVisualStudioVersion = 10.0.40219.1
Project("{8BC9CEB8-8B4A-11D0-8D11-00A0C91BC942}") = "Game", "Game.vcxproj", "{5B91E71C-29C5-3AD1-935E-60F1FA3B925D}"
EndProject
Global
	GlobalSection(SolutionConfigurationPlatforms) = preSolution
		Debug|x64 = Debug|x64
		Release|x64 = Release|x64
	EndGlobalSection
	GlobalSection(ProjectConfigurationPlatforms) = postSolution
		{5B91E71C-29C5-3AD1-935E-60F1FA3B925D}.Debug|x64.ActiveCfg = Debug|x64
		{5B91E71C-29C5-3AD1-935E-60F1FA3B925D}.Debug|x64.Build.0 = Debug|x64
		{5B91E71C-29C5-3AD1-935E-60F1FA3B925D}.Release|x64.ActiveCfg = Release|x64
		{5B91E71C-29C5-3AD1-935E-60F1FA3B925D}.Release|x64.Build.0 = Release|x64
	EndGlobalSection
	GlobalSection(SolutionProperties) = preSolution
		HideSolutionNode = FALSE
	EndGlobalSection
	GlobalSection(ExtensibilityGlobals) = postSolution
		SolutionGuid = {A85354C5-9845-4A16-97CA-454BEA10A9AC}
	EndGlobalSection
EndGlobal
